
Microsoft Visual Studio Solution File, Format Version 12.00
# Visual Studio Version 16
VisualStudioVersion = 16.0.28803.452
MinimumVisualStudioVersion = 10.0.40219.1
Project("{9A19103F-16F7-4668-BE54-9A1E7A4F7556}") = "Das.Views", "Das.Views\Das.Views.csproj", "{A71C8E34-0909-487D-8C50-C02FC2408B8F}"
EndProject
Project("{FAE04EC0-301F-11D3-BF4B-00C04F79EFBC}") = "GdiTest", "GdiTest\GdiTest.csproj", "{3F841198-E67C-49A7-9F96-D72548084538}"
EndProject
Project("{9A19103F-16F7-4668-BE54-9A1E7A4F7556}") = "TestCommon", "TestCommon\TestCommon.csproj", "{E227E4EB-E9CB-447E-9A6F-275C174E6425}"
EndProject
Project("{9A19103F-16F7-4668-BE54-9A1E7A4F7556}") = "Das.Views.Interfaces", "Das.View.Interfaces\Das.Views.Interfaces.csproj", "{FB1BB75E-F5D9-4DFF-A882-6DE1EAB96DFE}"
EndProject
Project("{FAE04EC0-301F-11D3-BF4B-00C04F79EFBC}") = "Das.Gdi", "Das.GdiRenderKit\Das.Gdi.csproj", "{23274743-B205-4C69-BB7E-B3FB5CF979CF}"
EndProject
Project("{9A19103F-16F7-4668-BE54-9A1E7A4F7556}") = "Das.Views.Extended", "Das.Views.3d\Das.Views.Extended.csproj", "{E109CEDA-64EF-4674-AC1B-1EA62624519E}"
EndProject
Project("{2150E333-8FDC-42A3-9474-1A3956D46DE8}") = "Serializer", "Serializer", "{7146E530-6F26-438E-85EC-C102E56D675D}"
EndProject
Project("{9A19103F-16F7-4668-BE54-9A1E7A4F7556}") = "Serializer.Interfaces", "..\Serializer\Serializer.Interfaces\Serializer.Interfaces.csproj", "{4D827EF1-32AC-43CB-BA78-65525B299E68}"
EndProject
Project("{9A19103F-16F7-4668-BE54-9A1E7A4F7556}") = "Serializer.Core", "..\Serializer\Serializer.Core\Serializer.Core.csproj", "{C111198F-D40B-43DA-8181-5CD61EE2D4A8}"
EndProject
Project("{9A19103F-16F7-4668-BE54-9A1E7A4F7556}") = "Das.Views.DevKit", "Das.Views.DevKit\Das.Views.DevKit.csproj", "{6CE40A8A-A51B-47E3-91ED-DBC98D1D54D7}"
EndProject
Project("{FAE04EC0-301F-11D3-BF4B-00C04F79EFBC}") = "Das.Serializer", "..\Serializer\Das.Serializer\Das.Serializer.csproj", "{A9D2EF65-4059-4C0A-B513-D49AC3D66CF2}"
EndProject
Project("{FAE04EC0-301F-11D3-BF4B-00C04F79EFBC}") = "VSExtension", "VSExtension\VSExtension.csproj", "{0E33EFB9-71B9-4769-85B8-F3AECB86F901}"
EndProject
Project("{FAE04EC0-301F-11D3-BF4B-00C04F79EFBC}") = "ViewCompiler", "ViewCompiler\ViewCompiler.csproj", "{2A2FC2BA-AF07-492D-A438-2239791511F5}"
EndProject
Project("{2150E333-8FDC-42A3-9474-1A3956D46DE8}") = "Tests", "Tests", "{95DB8F7A-6652-4859-9133-AC7741A95EED}"
EndProject
Project("{9A19103F-16F7-4668-BE54-9A1E7A4F7556}") = "Das.OpenGL", "Das.OpenGL\Das.OpenGL.csproj", "{0C0C363D-8A60-4982-9BAD-0E53E3B989BD}"
EndProject
Project("{2150E333-8FDC-42A3-9474-1A3956D46DE8}") = "RenderKits", "RenderKits", "{AF066113-1951-4A9C-A0B8-606AD40C7AF7}"
EndProject
Project("{FAE04EC0-301F-11D3-BF4B-00C04F79EFBC}") = "Das.OpenGL.Windows", "Das.OpenGL.Windows\Das.OpenGL.Windows.csproj", "{AA3E511B-3696-46D8-81AE-98F547B0B43C}"
EndProject
Project("{FAE04EC0-301F-11D3-BF4B-00C04F79EFBC}") = "Das.Views.Winforms", "Das.Views.Winforms\Das.Views.Winforms.csproj", "{D1E2BDF7-69D4-42C0-883F-2A2F2D8DE4D3}"
EndProject
Project("{FAE04EC0-301F-11D3-BF4B-00C04F79EFBC}") = "WpfTest", "Tests\WpfTest\WpfTest.csproj", "{2680AF22-D4D0-4A5C-A55F-0E465A4434A3}"
EndProject
Project("{FAE04EC0-301F-11D3-BF4B-00C04F79EFBC}") = "Das.Views.Charting", "Das.Views.Charting\Das.Views.Charting.csproj", "{B0A43AE7-19A0-4C0C-B854-D4F77DAE7BBA}"
EndProject
Global
	GlobalSection(SolutionConfigurationPlatforms) = preSolution
		Debug|Any CPU = Debug|Any CPU
		Release|Any CPU = Release|Any CPU
		TEST|Any CPU = TEST|Any CPU
	EndGlobalSection
	GlobalSection(ProjectConfigurationPlatforms) = postSolution
		{A71C8E34-0909-487D-8C50-C02FC2408B8F}.Debug|Any CPU.ActiveCfg = Debug|Any CPU
		{A71C8E34-0909-487D-8C50-C02FC2408B8F}.Debug|Any CPU.Build.0 = Debug|Any CPU
		{A71C8E34-0909-487D-8C50-C02FC2408B8F}.Release|Any CPU.ActiveCfg = Release|Any CPU
		{A71C8E34-0909-487D-8C50-C02FC2408B8F}.Release|Any CPU.Build.0 = Release|Any CPU
		{A71C8E34-0909-487D-8C50-C02FC2408B8F}.TEST|Any CPU.ActiveCfg = Release|Any CPU
		{A71C8E34-0909-487D-8C50-C02FC2408B8F}.TEST|Any CPU.Build.0 = Release|Any CPU
		{3F841198-E67C-49A7-9F96-D72548084538}.Debug|Any CPU.ActiveCfg = Debug|Any CPU
		{3F841198-E67C-49A7-9F96-D72548084538}.Debug|Any CPU.Build.0 = Debug|Any CPU
		{3F841198-E67C-49A7-9F96-D72548084538}.Release|Any CPU.ActiveCfg = Release|Any CPU
		{3F841198-E67C-49A7-9F96-D72548084538}.Release|Any CPU.Build.0 = Release|Any CPU
		{3F841198-E67C-49A7-9F96-D72548084538}.TEST|Any CPU.ActiveCfg = Release|Any CPU
		{3F841198-E67C-49A7-9F96-D72548084538}.TEST|Any CPU.Build.0 = Release|Any CPU
		{E227E4EB-E9CB-447E-9A6F-275C174E6425}.Debug|Any CPU.ActiveCfg = Debug|Any CPU
		{E227E4EB-E9CB-447E-9A6F-275C174E6425}.Debug|Any CPU.Build.0 = Debug|Any CPU
		{E227E4EB-E9CB-447E-9A6F-275C174E6425}.Release|Any CPU.ActiveCfg = Release|Any CPU
		{E227E4EB-E9CB-447E-9A6F-275C174E6425}.Release|Any CPU.Build.0 = Release|Any CPU
		{E227E4EB-E9CB-447E-9A6F-275C174E6425}.TEST|Any CPU.ActiveCfg = Release|Any CPU
		{E227E4EB-E9CB-447E-9A6F-275C174E6425}.TEST|Any CPU.Build.0 = Release|Any CPU
		{FB1BB75E-F5D9-4DFF-A882-6DE1EAB96DFE}.Debug|Any CPU.ActiveCfg = Debug|Any CPU
		{FB1BB75E-F5D9-4DFF-A882-6DE1EAB96DFE}.Debug|Any CPU.Build.0 = Debug|Any CPU
		{FB1BB75E-F5D9-4DFF-A882-6DE1EAB96DFE}.Release|Any CPU.ActiveCfg = Release|Any CPU
		{FB1BB75E-F5D9-4DFF-A882-6DE1EAB96DFE}.Release|Any CPU.Build.0 = Release|Any CPU
		{FB1BB75E-F5D9-4DFF-A882-6DE1EAB96DFE}.TEST|Any CPU.ActiveCfg = Release|Any CPU
		{FB1BB75E-F5D9-4DFF-A882-6DE1EAB96DFE}.TEST|Any CPU.Build.0 = Release|Any CPU
		{23274743-B205-4C69-BB7E-B3FB5CF979CF}.Debug|Any CPU.ActiveCfg = Debug|Any CPU
		{23274743-B205-4C69-BB7E-B3FB5CF979CF}.Debug|Any CPU.Build.0 = Debug|Any CPU
		{23274743-B205-4C69-BB7E-B3FB5CF979CF}.Release|Any CPU.ActiveCfg = Release|Any CPU
		{23274743-B205-4C69-BB7E-B3FB5CF979CF}.Release|Any CPU.Build.0 = Release|Any CPU
		{23274743-B205-4C69-BB7E-B3FB5CF979CF}.TEST|Any CPU.ActiveCfg = Release|Any CPU
		{23274743-B205-4C69-BB7E-B3FB5CF979CF}.TEST|Any CPU.Build.0 = Release|Any CPU
		{E109CEDA-64EF-4674-AC1B-1EA62624519E}.Debug|Any CPU.ActiveCfg = Debug|Any CPU
		{E109CEDA-64EF-4674-AC1B-1EA62624519E}.Debug|Any CPU.Build.0 = Debug|Any CPU
		{E109CEDA-64EF-4674-AC1B-1EA62624519E}.Release|Any CPU.ActiveCfg = Release|Any CPU
		{E109CEDA-64EF-4674-AC1B-1EA62624519E}.Release|Any CPU.Build.0 = Release|Any CPU
		{E109CEDA-64EF-4674-AC1B-1EA62624519E}.TEST|Any CPU.ActiveCfg = Release|Any CPU
		{E109CEDA-64EF-4674-AC1B-1EA62624519E}.TEST|Any CPU.Build.0 = Release|Any CPU
		{4D827EF1-32AC-43CB-BA78-65525B299E68}.Debug|Any CPU.ActiveCfg = Debug|Any CPU
		{4D827EF1-32AC-43CB-BA78-65525B299E68}.Debug|Any CPU.Build.0 = Debug|Any CPU
		{4D827EF1-32AC-43CB-BA78-65525B299E68}.Release|Any CPU.ActiveCfg = Release|Any CPU
		{4D827EF1-32AC-43CB-BA78-65525B299E68}.Release|Any CPU.Build.0 = Release|Any CPU
		{4D827EF1-32AC-43CB-BA78-65525B299E68}.TEST|Any CPU.ActiveCfg = Release|Any CPU
		{4D827EF1-32AC-43CB-BA78-65525B299E68}.TEST|Any CPU.Build.0 = Release|Any CPU
		{C111198F-D40B-43DA-8181-5CD61EE2D4A8}.Debug|Any CPU.ActiveCfg = Debug|Any CPU
		{C111198F-D40B-43DA-8181-5CD61EE2D4A8}.Debug|Any CPU.Build.0 = Debug|Any CPU
		{C111198F-D40B-43DA-8181-5CD61EE2D4A8}.Release|Any CPU.ActiveCfg = Release|Any CPU
		{C111198F-D40B-43DA-8181-5CD61EE2D4A8}.Release|Any CPU.Build.0 = Release|Any CPU
		{C111198F-D40B-43DA-8181-5CD61EE2D4A8}.TEST|Any CPU.ActiveCfg = Release|Any CPU
		{C111198F-D40B-43DA-8181-5CD61EE2D4A8}.TEST|Any CPU.Build.0 = Release|Any CPU
		{6CE40A8A-A51B-47E3-91ED-DBC98D1D54D7}.Debug|Any CPU.ActiveCfg = Debug|Any CPU
		{6CE40A8A-A51B-47E3-91ED-DBC98D1D54D7}.Debug|Any CPU.Build.0 = Debug|Any CPU
		{6CE40A8A-A51B-47E3-91ED-DBC98D1D54D7}.Release|Any CPU.ActiveCfg = Release|Any CPU
		{6CE40A8A-A51B-47E3-91ED-DBC98D1D54D7}.Release|Any CPU.Build.0 = Release|Any CPU
		{6CE40A8A-A51B-47E3-91ED-DBC98D1D54D7}.TEST|Any CPU.ActiveCfg = Release|Any CPU
		{6CE40A8A-A51B-47E3-91ED-DBC98D1D54D7}.TEST|Any CPU.Build.0 = Release|Any CPU
		{A9D2EF65-4059-4C0A-B513-D49AC3D66CF2}.Debug|Any CPU.ActiveCfg = Debug|Any CPU
		{A9D2EF65-4059-4C0A-B513-D49AC3D66CF2}.Debug|Any CPU.Build.0 = Debug|Any CPU
		{A9D2EF65-4059-4C0A-B513-D49AC3D66CF2}.Release|Any CPU.ActiveCfg = Release|Any CPU
		{A9D2EF65-4059-4C0A-B513-D49AC3D66CF2}.Release|Any CPU.Build.0 = Release|Any CPU
		{A9D2EF65-4059-4C0A-B513-D49AC3D66CF2}.TEST|Any CPU.ActiveCfg = TEST|Any CPU
		{A9D2EF65-4059-4C0A-B513-D49AC3D66CF2}.TEST|Any CPU.Build.0 = TEST|Any CPU
		{0E33EFB9-71B9-4769-85B8-F3AECB86F901}.Debug|Any CPU.ActiveCfg = Debug|Any CPU
		{0E33EFB9-71B9-4769-85B8-F3AECB86F901}.Debug|Any CPU.Build.0 = Debug|Any CPU
		{0E33EFB9-71B9-4769-85B8-F3AECB86F901}.Release|Any CPU.ActiveCfg = Release|Any CPU
		{0E33EFB9-71B9-4769-85B8-F3AECB86F901}.Release|Any CPU.Build.0 = Release|Any CPU
		{0E33EFB9-71B9-4769-85B8-F3AECB86F901}.TEST|Any CPU.ActiveCfg = Release|Any CPU
		{0E33EFB9-71B9-4769-85B8-F3AECB86F901}.TEST|Any CPU.Build.0 = Release|Any CPU
		{2A2FC2BA-AF07-492D-A438-2239791511F5}.Debug|Any CPU.ActiveCfg = Debug|Any CPU
		{2A2FC2BA-AF07-492D-A438-2239791511F5}.Debug|Any CPU.Build.0 = Debug|Any CPU
		{2A2FC2BA-AF07-492D-A438-2239791511F5}.Release|Any CPU.ActiveCfg = Release|Any CPU
		{2A2FC2BA-AF07-492D-A438-2239791511F5}.Release|Any CPU.Build.0 = Release|Any CPU
		{2A2FC2BA-AF07-492D-A438-2239791511F5}.TEST|Any CPU.ActiveCfg = Release|Any CPU
		{2A2FC2BA-AF07-492D-A438-2239791511F5}.TEST|Any CPU.Build.0 = Release|Any CPU
		{0C0C363D-8A60-4982-9BAD-0E53E3B989BD}.Debug|Any CPU.ActiveCfg = Debug|Any CPU
		{0C0C363D-8A60-4982-9BAD-0E53E3B989BD}.Debug|Any CPU.Build.0 = Debug|Any CPU
		{0C0C363D-8A60-4982-9BAD-0E53E3B989BD}.Release|Any CPU.ActiveCfg = Release|Any CPU
		{0C0C363D-8A60-4982-9BAD-0E53E3B989BD}.Release|Any CPU.Build.0 = Release|Any CPU
		{0C0C363D-8A60-4982-9BAD-0E53E3B989BD}.TEST|Any CPU.ActiveCfg = Debug|Any CPU
		{0C0C363D-8A60-4982-9BAD-0E53E3B989BD}.TEST|Any CPU.Build.0 = Debug|Any CPU
		{AA3E511B-3696-46D8-81AE-98F547B0B43C}.Debug|Any CPU.ActiveCfg = Debug|Any CPU
		{AA3E511B-3696-46D8-81AE-98F547B0B43C}.Debug|Any CPU.Build.0 = Debug|Any CPU
		{AA3E511B-3696-46D8-81AE-98F547B0B43C}.Release|Any CPU.ActiveCfg = Release|Any CPU
		{AA3E511B-3696-46D8-81AE-98F547B0B43C}.Release|Any CPU.Build.0 = Release|Any CPU
		{AA3E511B-3696-46D8-81AE-98F547B0B43C}.TEST|Any CPU.ActiveCfg = Release|Any CPU
		{AA3E511B-3696-46D8-81AE-98F547B0B43C}.TEST|Any CPU.Build.0 = Release|Any CPU
		{D1E2BDF7-69D4-42C0-883F-2A2F2D8DE4D3}.Debug|Any CPU.ActiveCfg = Debug|Any CPU
		{D1E2BDF7-69D4-42C0-883F-2A2F2D8DE4D3}.Debug|Any CPU.Build.0 = Debug|Any CPU
		{D1E2BDF7-69D4-42C0-883F-2A2F2D8DE4D3}.Release|Any CPU.ActiveCfg = Release|Any CPU
		{D1E2BDF7-69D4-42C0-883F-2A2F2D8DE4D3}.Release|Any CPU.Build.0 = Release|Any CPU
		{D1E2BDF7-69D4-42C0-883F-2A2F2D8DE4D3}.TEST|Any CPU.ActiveCfg = Release|Any CPU
		{D1E2BDF7-69D4-42C0-883F-2A2F2D8DE4D3}.TEST|Any CPU.Build.0 = Release|Any CPU
		{2680AF22-D4D0-4A5C-A55F-0E465A4434A3}.Debug|Any CPU.ActiveCfg = Debug|Any CPU
		{2680AF22-D4D0-4A5C-A55F-0E465A4434A3}.Debug|Any CPU.Build.0 = Debug|Any CPU
		{2680AF22-D4D0-4A5C-A55F-0E465A4434A3}.Release|Any CPU.ActiveCfg = Release|Any CPU
		{2680AF22-D4D0-4A5C-A55F-0E465A4434A3}.Release|Any CPU.Build.0 = Release|Any CPU
		{2680AF22-D4D0-4A5C-A55F-0E465A4434A3}.TEST|Any CPU.ActiveCfg = Release|Any CPU
		{2680AF22-D4D0-4A5C-A55F-0E465A4434A3}.TEST|Any CPU.Build.0 = Release|Any CPU
		{B0A43AE7-19A0-4C0C-B854-D4F77DAE7BBA}.Debug|Any CPU.ActiveCfg = Debug|Any CPU
		{B0A43AE7-19A0-4C0C-B854-D4F77DAE7BBA}.Debug|Any CPU.Build.0 = Debug|Any CPU
		{B0A43AE7-19A0-4C0C-B854-D4F77DAE7BBA}.Release|Any CPU.ActiveCfg = Release|Any CPU
		{B0A43AE7-19A0-4C0C-B854-D4F77DAE7BBA}.Release|Any CPU.Build.0 = Release|Any CPU
		{B0A43AE7-19A0-4C0C-B854-D4F77DAE7BBA}.TEST|Any CPU.ActiveCfg = Debug|Any CPU
		{B0A43AE7-19A0-4C0C-B854-D4F77DAE7BBA}.TEST|Any CPU.Build.0 = Debug|Any CPU
	EndGlobalSection
	GlobalSection(SolutionProperties) = preSolution
		HideSolutionNode = FALSE
	EndGlobalSection
	GlobalSection(NestedProjects) = preSolution
		{3F841198-E67C-49A7-9F96-D72548084538} = {95DB8F7A-6652-4859-9133-AC7741A95EED}
		{E227E4EB-E9CB-447E-9A6F-275C174E6425} = {95DB8F7A-6652-4859-9133-AC7741A95EED}
		{23274743-B205-4C69-BB7E-B3FB5CF979CF} = {AF066113-1951-4A9C-A0B8-606AD40C7AF7}
		{4D827EF1-32AC-43CB-BA78-65525B299E68} = {7146E530-6F26-438E-85EC-C102E56D675D}
		{C111198F-D40B-43DA-8181-5CD61EE2D4A8} = {7146E530-6F26-438E-85EC-C102E56D675D}
		{A9D2EF65-4059-4C0A-B513-D49AC3D66CF2} = {7146E530-6F26-438E-85EC-C102E56D675D}
		{0C0C363D-8A60-4982-9BAD-0E53E3B989BD} = {AF066113-1951-4A9C-A0B8-606AD40C7AF7}
		{AA3E511B-3696-46D8-81AE-98F547B0B43C} = {AF066113-1951-4A9C-A0B8-606AD40C7AF7}
		{D1E2BDF7-69D4-42C0-883F-2A2F2D8DE4D3} = {AF066113-1951-4A9C-A0B8-606AD40C7AF7}
		{2680AF22-D4D0-4A5C-A55F-0E465A4434A3} = {95DB8F7A-6652-4859-9133-AC7741A95EED}
	EndGlobalSection
	GlobalSection(ExtensibilityGlobals) = postSolution
		SolutionGuid = {FA7878E5-0712-446F-8FC0-4D187CDB5C2F}
	EndGlobalSection
EndGlobal
