
Microsoft Visual Studio Solution File, Format Version 12.00
# Visual Studio Version 16
VisualStudioVersion = 16.0.28803.452
MinimumVisualStudioVersion = 10.0.40219.1
Project("{9A19103F-16F7-4668-BE54-9A1E7A4F7556}") = "Das.Views", "Das.Views\Das.Views.csproj", "{A71C8E34-0909-487D-8C50-C02FC2408B8F}"
EndProject
Project("{FAE04EC0-301F-11D3-BF4B-00C04F79EFBC}") = "GdiTest", "GdiTest\GdiTest.csproj", "{3F841198-E67C-49A7-9F96-D72548084538}"
EndProject
Project("{9A19103F-16F7-4668-BE54-9A1E7A4F7556}") = "TestCommon", "TestCommon\TestCommon.csproj", "{E227E4EB-E9CB-447E-9A6F-275C174E6425}"
EndProject
Project("{9A19103F-16F7-4668-BE54-9A1E7A4F7556}") = "Das.Views.Interfaces", "Das.View.Interfaces\Das.Views.Interfaces.csproj", "{FB1BB75E-F5D9-4DFF-A882-6DE1EAB96DFE}"
EndProject
Project("{FAE04EC0-301F-11D3-BF4B-00C04F79EFBC}") = "Das.Gdi", "Das.GdiRenderKit\Das.Gdi.csproj", "{23274743-B205-4C69-BB7E-B3FB5CF979CF}"
EndProject
Project("{9A19103F-16F7-4668-BE54-9A1E7A4F7556}") = "Das.Views.Extended", "Das.Views.3d\Das.Views.Extended.csproj", "{E109CEDA-64EF-4674-AC1B-1EA62624519E}"
EndProject
Project("{9A19103F-16F7-4668-BE54-9A1E7A4F7556}") = "Das.Views.DevKit", "Das.Views.DevKit\Das.Views.DevKit.csproj", "{6CE40A8A-A51B-47E3-91ED-DBC98D1D54D7}"
EndProject
Project("{9A19103F-16F7-4668-BE54-9A1E7A4F7556}") = "Das.OpenGL", "Das.OpenGL\Das.OpenGL.csproj", "{0C0C363D-8A60-4982-9BAD-0E53E3B989BD}"
EndProject
Project("{FAE04EC0-301F-11D3-BF4B-00C04F79EFBC}") = "Das.OpenGL.Windows", "Das.OpenGL.Windows\Das.OpenGL.Windows.csproj", "{AA3E511B-3696-46D8-81AE-98F547B0B43C}"
EndProject
Project("{FAE04EC0-301F-11D3-BF4B-00C04F79EFBC}") = "WpfTest", "Tests\WpfTest\WpfTest.csproj", "{2680AF22-D4D0-4A5C-A55F-0E465A4434A3}"
EndProject
Project("{9A19103F-16F7-4668-BE54-9A1E7A4F7556}") = "Das.Views.Charting", "Das.Views.Charting\Das.Views.Charting.csproj", "{B0A43AE7-19A0-4C0C-B854-D4F77DAE7BBA}"
EndProject
Project("{D954291E-2A0B-460D-934E-DC6B0785DB48}") = "Das.Views.Interfaces.Shared", "Core\Interfaces.Shared\ViewInterfaces.Shared.shproj", "{2E14D9EA-BFC7-439C-8E84-156D1437C6A8}"
EndProject
Project("{D954291E-2A0B-460D-934E-DC6B0785DB48}") = "Views.Shared", "Views.Shared\Views.Shared.shproj", "{778A378F-7A09-4C1D-ABD3-634F3D9CC8AB}"
EndProject
Project("{D954291E-2A0B-460D-934E-DC6B0785DB48}") = "Windows.Shared", "Windows.Shared\Windows.Shared.shproj", "{6F514769-88CF-4D8A-8AA4-A015919DF274}"
EndProject
Project("{D954291E-2A0B-460D-934E-DC6B0785DB48}") = "WinForms.Shared", "WinForms.Shared\WinForms.Shared.shproj", "{15783956-B706-41D5-982B-1BCF698CA5B1}"
EndProject
Project("{D954291E-2A0B-460D-934E-DC6B0785DB48}") = "Gdi.Shared", "Gdi.Shared\Gdi.Shared.shproj", "{CE7E6B63-33E2-44F8-85C9-979A4F6B6F2C}"
EndProject
Project("{D954291E-2A0B-460D-934E-DC6B0785DB48}") = "Charting.Shared", "Charting.Shared\Charting.Shared.shproj", "{96070DBD-8D78-4BC7-90EE-C4D545BCD2AA}"
EndProject
Project("{D954291E-2A0B-460D-934E-DC6B0785DB48}") = "Views.Dynamic", "Views.Dynamic\Views.Dynamic.shproj", "{71CA5A1A-4398-4D84-AFE4-9E5D67194B85}"
EndProject
Project("{D954291E-2A0B-460D-934E-DC6B0785DB48}") = "Gdi.Hosting", "Gdi.Hosting\Gdi.Hosting.shproj", "{9E5F272F-B836-4E04-9E6E-84437CE8BE79}"
EndProject
Project("{FAE04EC0-301F-11D3-BF4B-00C04F79EFBC}") = "ViewCompiler", "ViewCompiler\ViewCompiler.csproj", "{2A2FC2BA-AF07-492D-A438-2239791511F5}"
EndProject
Project("{D954291E-2A0B-460D-934E-DC6B0785DB48}") = "ViewModels.Shared", "ViewModels.Shared\ViewModels.Shared.shproj", "{CEC76F49-102D-4F52-9F95-231829C47839}"
EndProject
Project("{9A19103F-16F7-4668-BE54-9A1E7A4F7556}") = "Das.ViewModels", "Das.ViewModels\Das.ViewModels.csproj", "{4AD8F035-A30F-4D67-8E84-FAD46D1B8877}"
EndProject
Project("{2150E333-8FDC-42A3-9474-1A3956D46DE8}") = "ViewModels", "ViewModels", "{7CFE084C-2AF2-4206-94A5-8AAF9074C475}"
EndProject
Project("{2150E333-8FDC-42A3-9474-1A3956D46DE8}") = "Extended", "Extended", "{EB78D6C4-F72A-4476-A7AB-7A8AB746A8FA}"
EndProject
Project("{D954291E-2A0B-460D-934E-DC6B0785DB48}") = "Wpf.Shared", "Platforms\Wpf.Shared\Wpf.Shared.shproj", "{31AE3419-4992-443D-A702-35797B2B8528}"
EndProject
Project("{2150E333-8FDC-42A3-9474-1A3956D46DE8}") = "Android", "Android", "{BE317C9B-5FE9-4F80-985A-DE2B10B33A6F}"
EndProject
Project("{FAE04EC0-301F-11D3-BF4B-00C04F79EFBC}") = "Das.Xamarin.Android", "Android\Das.Android.Xamarin\Das.Xamarin.Android.csproj", "{CC80E792-4142-4624-B02A-FE1CF98B6E7F}"
EndProject
Project("{2150E333-8FDC-42A3-9474-1A3956D46DE8}") = "Windows", "Windows", "{C0299441-68E4-43A5-85EC-82A6E2AF7787}"
EndProject
Project("{2150E333-8FDC-42A3-9474-1A3956D46DE8}") = "Gdi", "Gdi", "{ABB838EE-412B-41A4-B658-96A6D9C5389F}"
EndProject
Project("{2150E333-8FDC-42A3-9474-1A3956D46DE8}") = "OpenGL", "OpenGL", "{1665C74F-B546-46BC-B3DF-910FFFB5C434}"
EndProject
Project("{2150E333-8FDC-42A3-9474-1A3956D46DE8}") = "Wpf", "Wpf", "{C125B97B-471A-4FD9-893E-BE750FDCFC0E}"
EndProject
Project("{2150E333-8FDC-42A3-9474-1A3956D46DE8}") = "Common", "Common", "{05BD09CF-31D4-448D-BA24-932A6758D37E}"
EndProject
Project("{2150E333-8FDC-42A3-9474-1A3956D46DE8}") = "Core", "Core", "{654B3AF3-BE80-4F41-B2A1-B6206C6E670A}"
EndProject
Project("{2150E333-8FDC-42A3-9474-1A3956D46DE8}") = "Dev", "Dev", "{7D6AF48C-D5E9-4925-A721-E32B78F9534D}"
EndProject
Project("{FAE04EC0-301F-11D3-BF4B-00C04F79EFBC}") = "XamarinAndroidTest", "Android\XamarinAndroidTest\XamarinAndroidTest.csproj", "{B5D034B4-FE61-4587-9612-827F4A282301}"
EndProject
Project("{FAE04EC0-301F-11D3-BF4B-00C04F79EFBC}") = "3DF5Tests", "3D\3DF5Tests\3DF5Tests.csproj", "{5A2CB073-A942-4F28-9B93-1D811AEB12F5}"
EndProject
Project("{FAE04EC0-301F-11D3-BF4B-00C04F79EFBC}") = "OpenGLTests", "Core\OpenGL\OpenGLTests\OpenGLTests.csproj", "{3C6BB6B6-8966-402F-A330-7288B6D36888}"
EndProject
Project("{2150E333-8FDC-42A3-9474-1A3956D46DE8}") = "External", "External", "{222D56E5-810B-4B6B-9DED-ADFC893844E8}"
EndProject
Project("{D954291E-2A0B-460D-934E-DC6B0785DB48}") = "CSharp8NetFramework", "Core\CSharp8NetFramework\CSharp8NetFramework.shproj", "{73AEA84A-7E59-466E-B5B9-CEE436A5ECBC}"
EndProject
Global
	GlobalSection(SharedMSBuildProjectFiles) = preSolution
		WinForms.Shared\WinForms.Shared.projitems*{15783956-b706-41d5-982b-1bcf698ca5b1}*SharedItemsImports = 13
		Gdi.Hosting\Gdi.Hosting.projitems*{23274743-b205-4c69-bb7e-b3fb5cf979cf}*SharedItemsImports = 4
		Gdi.Shared\Gdi.Shared.projitems*{23274743-b205-4c69-bb7e-b3fb5cf979cf}*SharedItemsImports = 4
		Windows.Shared\Windows.Shared.projitems*{23274743-b205-4c69-bb7e-b3fb5cf979cf}*SharedItemsImports = 4
		WinForms.Shared\WinForms.Shared.projitems*{23274743-b205-4c69-bb7e-b3fb5cf979cf}*SharedItemsImports = 4
		Platforms\Wpf.Shared\Wpf.Shared.projitems*{2680af22-d4d0-4a5c-a55f-0e465a4434a3}*SharedItemsImports = 4
		Windows.Shared\Windows.Shared.projitems*{2680af22-d4d0-4a5c-a55f-0e465a4434a3}*SharedItemsImports = 4
		Interfaces.Shared\Interfaces.Shared.projitems*{2e14d9ea-bfc7-439c-8e84-156d1437c6a8}*SharedItemsImports = 13
		Platforms\Wpf.Shared\Wpf.Shared.projitems*{31ae3419-4992-443d-a702-35797b2b8528}*SharedItemsImports = 13
		ViewModels.Shared\ViewModels.Shared.projitems*{4ad8f035-a30f-4d67-8e84-fad46d1b8877}*SharedItemsImports = 5
		Windows.Shared\Windows.Shared.projitems*{6f514769-88cf-4d8a-8aa4-a015919df274}*SharedItemsImports = 13
		Views.Dynamic\Views.Dynamic.projitems*{71ca5a1a-4398-4d84-afe4-9e5d67194b85}*SharedItemsImports = 13
		Core\CSharp8NetFramework\CSharp8NetFramework.projitems*{73aea84a-7e59-466e-b5b9-cee436a5ecbc}*SharedItemsImports = 13
		Views.Shared\Views.Shared.projitems*{778a378f-7a09-4c1d-abd3-634f3d9cc8ab}*SharedItemsImports = 13
		Charting.Shared\Charting.Shared.projitems*{96070dbd-8d78-4bc7-90ee-c4d545bcd2aa}*SharedItemsImports = 13
		Gdi.Hosting\Gdi.Hosting.projitems*{9e5f272f-b836-4e04-9e6e-84437ce8be79}*SharedItemsImports = 13
		Views.Dynamic\Views.Dynamic.projitems*{a71c8e34-0909-487d-8c50-c02fc2408b8f}*SharedItemsImports = 5
		Views.Shared\Views.Shared.projitems*{a71c8e34-0909-487d-8c50-c02fc2408b8f}*SharedItemsImports = 5
		Windows.Shared\Windows.Shared.projitems*{aa3e511b-3696-46d8-81ae-98f547b0b43c}*SharedItemsImports = 4
		WinForms.Shared\WinForms.Shared.projitems*{aa3e511b-3696-46d8-81ae-98f547b0b43c}*SharedItemsImports = 4
		Charting.Shared\Charting.Shared.projitems*{b0a43ae7-19a0-4c0c-b854-d4f77dae7bba}*SharedItemsImports = 5
		Gdi.Shared\Gdi.Shared.projitems*{ce7e6b63-33e2-44f8-85c9-979a4f6b6f2c}*SharedItemsImports = 13
		ViewModels.Shared\ViewModels.Shared.projitems*{cec76f49-102d-4f52-9f95-231829c47839}*SharedItemsImports = 13
		Core\CSharp8NetFramework\CSharp8NetFramework.projitems*{fb1bb75e-f5d9-4dff-a882-6de1eab96dfe}*SharedItemsImports = 5
		Core\Views.Interfaces.Shared\Views.Interfaces.Shared.projitems*{fb1bb75e-f5d9-4dff-a882-6de1eab96dfe}*SharedItemsImports = 5
	EndGlobalSection
	GlobalSection(SolutionConfigurationPlatforms) = preSolution
		Debug|Any CPU = Debug|Any CPU
		Release|Any CPU = Release|Any CPU
		TEST|Any CPU = TEST|Any CPU
	EndGlobalSection
	GlobalSection(ProjectConfigurationPlatforms) = postSolution
		{A71C8E34-0909-487D-8C50-C02FC2408B8F}.Debug|Any CPU.ActiveCfg = Debug|Any CPU
		{A71C8E34-0909-487D-8C50-C02FC2408B8F}.Debug|Any CPU.Build.0 = Debug|Any CPU
		{A71C8E34-0909-487D-8C50-C02FC2408B8F}.Release|Any CPU.ActiveCfg = Release|Any CPU
		{A71C8E34-0909-487D-8C50-C02FC2408B8F}.Release|Any CPU.Build.0 = Release|Any CPU
		{A71C8E34-0909-487D-8C50-C02FC2408B8F}.TEST|Any CPU.ActiveCfg = Release|Any CPU
		{A71C8E34-0909-487D-8C50-C02FC2408B8F}.TEST|Any CPU.Build.0 = Release|Any CPU
		{3F841198-E67C-49A7-9F96-D72548084538}.Debug|Any CPU.ActiveCfg = Debug|Any CPU
		{3F841198-E67C-49A7-9F96-D72548084538}.Debug|Any CPU.Build.0 = Debug|Any CPU
		{3F841198-E67C-49A7-9F96-D72548084538}.Release|Any CPU.ActiveCfg = Release|Any CPU
		{3F841198-E67C-49A7-9F96-D72548084538}.Release|Any CPU.Build.0 = Release|Any CPU
		{3F841198-E67C-49A7-9F96-D72548084538}.TEST|Any CPU.ActiveCfg = Release|Any CPU
		{3F841198-E67C-49A7-9F96-D72548084538}.TEST|Any CPU.Build.0 = Release|Any CPU
		{E227E4EB-E9CB-447E-9A6F-275C174E6425}.Debug|Any CPU.ActiveCfg = Debug|Any CPU
		{E227E4EB-E9CB-447E-9A6F-275C174E6425}.Debug|Any CPU.Build.0 = Debug|Any CPU
		{E227E4EB-E9CB-447E-9A6F-275C174E6425}.Release|Any CPU.ActiveCfg = Release|Any CPU
		{E227E4EB-E9CB-447E-9A6F-275C174E6425}.Release|Any CPU.Build.0 = Release|Any CPU
		{E227E4EB-E9CB-447E-9A6F-275C174E6425}.TEST|Any CPU.ActiveCfg = Release|Any CPU
		{E227E4EB-E9CB-447E-9A6F-275C174E6425}.TEST|Any CPU.Build.0 = Release|Any CPU
		{FB1BB75E-F5D9-4DFF-A882-6DE1EAB96DFE}.Debug|Any CPU.ActiveCfg = Debug|Any CPU
		{FB1BB75E-F5D9-4DFF-A882-6DE1EAB96DFE}.Debug|Any CPU.Build.0 = Debug|Any CPU
		{FB1BB75E-F5D9-4DFF-A882-6DE1EAB96DFE}.Release|Any CPU.ActiveCfg = Release|Any CPU
		{FB1BB75E-F5D9-4DFF-A882-6DE1EAB96DFE}.Release|Any CPU.Build.0 = Release|Any CPU
		{FB1BB75E-F5D9-4DFF-A882-6DE1EAB96DFE}.TEST|Any CPU.ActiveCfg = Release|Any CPU
		{FB1BB75E-F5D9-4DFF-A882-6DE1EAB96DFE}.TEST|Any CPU.Build.0 = Release|Any CPU
		{23274743-B205-4C69-BB7E-B3FB5CF979CF}.Debug|Any CPU.ActiveCfg = Debug|Any CPU
		{23274743-B205-4C69-BB7E-B3FB5CF979CF}.Debug|Any CPU.Build.0 = Debug|Any CPU
		{23274743-B205-4C69-BB7E-B3FB5CF979CF}.Release|Any CPU.ActiveCfg = Release|Any CPU
		{23274743-B205-4C69-BB7E-B3FB5CF979CF}.Release|Any CPU.Build.0 = Release|Any CPU
		{23274743-B205-4C69-BB7E-B3FB5CF979CF}.TEST|Any CPU.ActiveCfg = Release|Any CPU
		{23274743-B205-4C69-BB7E-B3FB5CF979CF}.TEST|Any CPU.Build.0 = Release|Any CPU
		{E109CEDA-64EF-4674-AC1B-1EA62624519E}.Debug|Any CPU.ActiveCfg = Debug|Any CPU
		{E109CEDA-64EF-4674-AC1B-1EA62624519E}.Debug|Any CPU.Build.0 = Debug|Any CPU
		{E109CEDA-64EF-4674-AC1B-1EA62624519E}.Release|Any CPU.ActiveCfg = Release|Any CPU
		{E109CEDA-64EF-4674-AC1B-1EA62624519E}.Release|Any CPU.Build.0 = Release|Any CPU
		{E109CEDA-64EF-4674-AC1B-1EA62624519E}.TEST|Any CPU.ActiveCfg = Release|Any CPU
		{E109CEDA-64EF-4674-AC1B-1EA62624519E}.TEST|Any CPU.Build.0 = Release|Any CPU
		{6CE40A8A-A51B-47E3-91ED-DBC98D1D54D7}.Debug|Any CPU.ActiveCfg = Debug|Any CPU
		{6CE40A8A-A51B-47E3-91ED-DBC98D1D54D7}.Debug|Any CPU.Build.0 = Debug|Any CPU
		{6CE40A8A-A51B-47E3-91ED-DBC98D1D54D7}.Release|Any CPU.ActiveCfg = Release|Any CPU
		{6CE40A8A-A51B-47E3-91ED-DBC98D1D54D7}.Release|Any CPU.Build.0 = Release|Any CPU
		{6CE40A8A-A51B-47E3-91ED-DBC98D1D54D7}.TEST|Any CPU.ActiveCfg = Release|Any CPU
		{6CE40A8A-A51B-47E3-91ED-DBC98D1D54D7}.TEST|Any CPU.Build.0 = Release|Any CPU
		{0C0C363D-8A60-4982-9BAD-0E53E3B989BD}.Debug|Any CPU.ActiveCfg = Debug|Any CPU
		{0C0C363D-8A60-4982-9BAD-0E53E3B989BD}.Debug|Any CPU.Build.0 = Debug|Any CPU
		{0C0C363D-8A60-4982-9BAD-0E53E3B989BD}.Release|Any CPU.ActiveCfg = Release|Any CPU
		{0C0C363D-8A60-4982-9BAD-0E53E3B989BD}.Release|Any CPU.Build.0 = Release|Any CPU
		{0C0C363D-8A60-4982-9BAD-0E53E3B989BD}.TEST|Any CPU.ActiveCfg = Debug|Any CPU
		{0C0C363D-8A60-4982-9BAD-0E53E3B989BD}.TEST|Any CPU.Build.0 = Debug|Any CPU
		{AA3E511B-3696-46D8-81AE-98F547B0B43C}.Debug|Any CPU.ActiveCfg = Debug|Any CPU
		{AA3E511B-3696-46D8-81AE-98F547B0B43C}.Debug|Any CPU.Build.0 = Debug|Any CPU
		{AA3E511B-3696-46D8-81AE-98F547B0B43C}.Release|Any CPU.ActiveCfg = Release|Any CPU
		{AA3E511B-3696-46D8-81AE-98F547B0B43C}.Release|Any CPU.Build.0 = Release|Any CPU
		{AA3E511B-3696-46D8-81AE-98F547B0B43C}.TEST|Any CPU.ActiveCfg = Release|Any CPU
		{AA3E511B-3696-46D8-81AE-98F547B0B43C}.TEST|Any CPU.Build.0 = Release|Any CPU
		{2680AF22-D4D0-4A5C-A55F-0E465A4434A3}.Debug|Any CPU.ActiveCfg = Debug|Any CPU
		{2680AF22-D4D0-4A5C-A55F-0E465A4434A3}.Debug|Any CPU.Build.0 = Debug|Any CPU
		{2680AF22-D4D0-4A5C-A55F-0E465A4434A3}.Release|Any CPU.ActiveCfg = Release|Any CPU
		{2680AF22-D4D0-4A5C-A55F-0E465A4434A3}.Release|Any CPU.Build.0 = Release|Any CPU
		{2680AF22-D4D0-4A5C-A55F-0E465A4434A3}.TEST|Any CPU.ActiveCfg = Release|Any CPU
		{2680AF22-D4D0-4A5C-A55F-0E465A4434A3}.TEST|Any CPU.Build.0 = Release|Any CPU
		{B0A43AE7-19A0-4C0C-B854-D4F77DAE7BBA}.Debug|Any CPU.ActiveCfg = Debug|Any CPU
		{B0A43AE7-19A0-4C0C-B854-D4F77DAE7BBA}.Debug|Any CPU.Build.0 = Debug|Any CPU
		{B0A43AE7-19A0-4C0C-B854-D4F77DAE7BBA}.Release|Any CPU.ActiveCfg = Release|Any CPU
		{B0A43AE7-19A0-4C0C-B854-D4F77DAE7BBA}.Release|Any CPU.Build.0 = Release|Any CPU
		{B0A43AE7-19A0-4C0C-B854-D4F77DAE7BBA}.TEST|Any CPU.ActiveCfg = Debug|Any CPU
		{B0A43AE7-19A0-4C0C-B854-D4F77DAE7BBA}.TEST|Any CPU.Build.0 = Debug|Any CPU
		{2A2FC2BA-AF07-492D-A438-2239791511F5}.Debug|Any CPU.ActiveCfg = Debug|Any CPU
		{2A2FC2BA-AF07-492D-A438-2239791511F5}.Debug|Any CPU.Build.0 = Debug|Any CPU
		{2A2FC2BA-AF07-492D-A438-2239791511F5}.Release|Any CPU.ActiveCfg = Release|Any CPU
		{2A2FC2BA-AF07-492D-A438-2239791511F5}.Release|Any CPU.Build.0 = Release|Any CPU
		{2A2FC2BA-AF07-492D-A438-2239791511F5}.TEST|Any CPU.ActiveCfg = Release|Any CPU
		{2A2FC2BA-AF07-492D-A438-2239791511F5}.TEST|Any CPU.Build.0 = Release|Any CPU
		{4AD8F035-A30F-4D67-8E84-FAD46D1B8877}.Debug|Any CPU.ActiveCfg = Debug|Any CPU
		{4AD8F035-A30F-4D67-8E84-FAD46D1B8877}.Debug|Any CPU.Build.0 = Debug|Any CPU
		{4AD8F035-A30F-4D67-8E84-FAD46D1B8877}.Release|Any CPU.ActiveCfg = Release|Any CPU
		{4AD8F035-A30F-4D67-8E84-FAD46D1B8877}.Release|Any CPU.Build.0 = Release|Any CPU
		{4AD8F035-A30F-4D67-8E84-FAD46D1B8877}.TEST|Any CPU.ActiveCfg = Debug|Any CPU
		{4AD8F035-A30F-4D67-8E84-FAD46D1B8877}.TEST|Any CPU.Build.0 = Debug|Any CPU
		{CC80E792-4142-4624-B02A-FE1CF98B6E7F}.Debug|Any CPU.ActiveCfg = Debug|Any CPU
		{CC80E792-4142-4624-B02A-FE1CF98B6E7F}.Debug|Any CPU.Build.0 = Debug|Any CPU
		{CC80E792-4142-4624-B02A-FE1CF98B6E7F}.Release|Any CPU.ActiveCfg = Release|Any CPU
		{CC80E792-4142-4624-B02A-FE1CF98B6E7F}.Release|Any CPU.Build.0 = Release|Any CPU
		{CC80E792-4142-4624-B02A-FE1CF98B6E7F}.TEST|Any CPU.ActiveCfg = Release|Any CPU
		{CC80E792-4142-4624-B02A-FE1CF98B6E7F}.TEST|Any CPU.Build.0 = Release|Any CPU
		{B5D034B4-FE61-4587-9612-827F4A282301}.Debug|Any CPU.ActiveCfg = Debug|Any CPU
		{B5D034B4-FE61-4587-9612-827F4A282301}.Debug|Any CPU.Deploy.0 = Debug|Any CPU
		{B5D034B4-FE61-4587-9612-827F4A282301}.Release|Any CPU.ActiveCfg = Release|Any CPU
		{B5D034B4-FE61-4587-9612-827F4A282301}.Release|Any CPU.Build.0 = Release|Any CPU
		{B5D034B4-FE61-4587-9612-827F4A282301}.Release|Any CPU.Deploy.0 = Release|Any CPU
		{B5D034B4-FE61-4587-9612-827F4A282301}.TEST|Any CPU.ActiveCfg = Release|Any CPU
		{B5D034B4-FE61-4587-9612-827F4A282301}.TEST|Any CPU.Build.0 = Release|Any CPU
		{B5D034B4-FE61-4587-9612-827F4A282301}.TEST|Any CPU.Deploy.0 = Release|Any CPU
		{5A2CB073-A942-4F28-9B93-1D811AEB12F5}.Debug|Any CPU.ActiveCfg = Debug|Any CPU
		{5A2CB073-A942-4F28-9B93-1D811AEB12F5}.Debug|Any CPU.Build.0 = Debug|Any CPU
		{5A2CB073-A942-4F28-9B93-1D811AEB12F5}.Release|Any CPU.ActiveCfg = Release|Any CPU
		{5A2CB073-A942-4F28-9B93-1D811AEB12F5}.Release|Any CPU.Build.0 = Release|Any CPU
		{5A2CB073-A942-4F28-9B93-1D811AEB12F5}.TEST|Any CPU.ActiveCfg = Release|Any CPU
		{5A2CB073-A942-4F28-9B93-1D811AEB12F5}.TEST|Any CPU.Build.0 = Release|Any CPU
		{3C6BB6B6-8966-402F-A330-7288B6D36888}.Debug|Any CPU.ActiveCfg = Debug|Any CPU
		{3C6BB6B6-8966-402F-A330-7288B6D36888}.Debug|Any CPU.Build.0 = Debug|Any CPU
		{3C6BB6B6-8966-402F-A330-7288B6D36888}.Release|Any CPU.ActiveCfg = Release|Any CPU
		{3C6BB6B6-8966-402F-A330-7288B6D36888}.Release|Any CPU.Build.0 = Release|Any CPU
		{3C6BB6B6-8966-402F-A330-7288B6D36888}.TEST|Any CPU.ActiveCfg = Release|Any CPU
		{3C6BB6B6-8966-402F-A330-7288B6D36888}.TEST|Any CPU.Build.0 = Release|Any CPU
	EndGlobalSection
	GlobalSection(SolutionProperties) = preSolution
		HideSolutionNode = FALSE
	EndGlobalSection
	GlobalSection(NestedProjects) = preSolution
		{A71C8E34-0909-487D-8C50-C02FC2408B8F} = {654B3AF3-BE80-4F41-B2A1-B6206C6E670A}
		{3F841198-E67C-49A7-9F96-D72548084538} = {ABB838EE-412B-41A4-B658-96A6D9C5389F}
		{E227E4EB-E9CB-447E-9A6F-275C174E6425} = {05BD09CF-31D4-448D-BA24-932A6758D37E}
		{FB1BB75E-F5D9-4DFF-A882-6DE1EAB96DFE} = {654B3AF3-BE80-4F41-B2A1-B6206C6E670A}
		{23274743-B205-4C69-BB7E-B3FB5CF979CF} = {ABB838EE-412B-41A4-B658-96A6D9C5389F}
		{E109CEDA-64EF-4674-AC1B-1EA62624519E} = {EB78D6C4-F72A-4476-A7AB-7A8AB746A8FA}
		{6CE40A8A-A51B-47E3-91ED-DBC98D1D54D7} = {7D6AF48C-D5E9-4925-A721-E32B78F9534D}
		{0C0C363D-8A60-4982-9BAD-0E53E3B989BD} = {05BD09CF-31D4-448D-BA24-932A6758D37E}
		{AA3E511B-3696-46D8-81AE-98F547B0B43C} = {1665C74F-B546-46BC-B3DF-910FFFB5C434}
		{2680AF22-D4D0-4A5C-A55F-0E465A4434A3} = {C125B97B-471A-4FD9-893E-BE750FDCFC0E}
		{B0A43AE7-19A0-4C0C-B854-D4F77DAE7BBA} = {EB78D6C4-F72A-4476-A7AB-7A8AB746A8FA}
		{2E14D9EA-BFC7-439C-8E84-156D1437C6A8} = {654B3AF3-BE80-4F41-B2A1-B6206C6E670A}
		{778A378F-7A09-4C1D-ABD3-634F3D9CC8AB} = {654B3AF3-BE80-4F41-B2A1-B6206C6E670A}
		{6F514769-88CF-4D8A-8AA4-A015919DF274} = {C0299441-68E4-43A5-85EC-82A6E2AF7787}
		{15783956-B706-41D5-982B-1BCF698CA5B1} = {C0299441-68E4-43A5-85EC-82A6E2AF7787}
		{CE7E6B63-33E2-44F8-85C9-979A4F6B6F2C} = {ABB838EE-412B-41A4-B658-96A6D9C5389F}
		{96070DBD-8D78-4BC7-90EE-C4D545BCD2AA} = {EB78D6C4-F72A-4476-A7AB-7A8AB746A8FA}
		{71CA5A1A-4398-4D84-AFE4-9E5D67194B85} = {654B3AF3-BE80-4F41-B2A1-B6206C6E670A}
		{9E5F272F-B836-4E04-9E6E-84437CE8BE79} = {ABB838EE-412B-41A4-B658-96A6D9C5389F}
		{2A2FC2BA-AF07-492D-A438-2239791511F5} = {7D6AF48C-D5E9-4925-A721-E32B78F9534D}
		{CEC76F49-102D-4F52-9F95-231829C47839} = {7CFE084C-2AF2-4206-94A5-8AAF9074C475}
		{4AD8F035-A30F-4D67-8E84-FAD46D1B8877} = {7CFE084C-2AF2-4206-94A5-8AAF9074C475}
		{31AE3419-4992-443D-A702-35797B2B8528} = {C125B97B-471A-4FD9-893E-BE750FDCFC0E}
		{CC80E792-4142-4624-B02A-FE1CF98B6E7F} = {BE317C9B-5FE9-4F80-985A-DE2B10B33A6F}
		{ABB838EE-412B-41A4-B658-96A6D9C5389F} = {C0299441-68E4-43A5-85EC-82A6E2AF7787}
		{1665C74F-B546-46BC-B3DF-910FFFB5C434} = {C0299441-68E4-43A5-85EC-82A6E2AF7787}
		{C125B97B-471A-4FD9-893E-BE750FDCFC0E} = {C0299441-68E4-43A5-85EC-82A6E2AF7787}
		{B5D034B4-FE61-4587-9612-827F4A282301} = {BE317C9B-5FE9-4F80-985A-DE2B10B33A6F}
		{5A2CB073-A942-4F28-9B93-1D811AEB12F5} = {EB78D6C4-F72A-4476-A7AB-7A8AB746A8FA}
		{3C6BB6B6-8966-402F-A330-7288B6D36888} = {1665C74F-B546-46BC-B3DF-910FFFB5C434}
		{73AEA84A-7E59-466E-B5B9-CEE436A5ECBC} = {654B3AF3-BE80-4F41-B2A1-B6206C6E670A}
	EndGlobalSection
	GlobalSection(ExtensibilityGlobals) = postSolution
		SolutionGuid = {FA7878E5-0712-446F-8FC0-4D187CDB5C2F}
	EndGlobalSection
EndGlobal
